
Microsoft Visual Studio Solution File, Format Version 12.00
# Visual Studio 14
VisualStudioVersion = 14.0.25420.1
MinimumVisualStudioVersion = 10.0.40219.1
Project("{2150E333-8FDC-42A3-9474-1A3956D46DE8}") = "Solution Items", "Solution Items", "{C69FCD97-4C06-42E8-B18E-A668C51FC150}"
	ProjectSection(SolutionItems) = preProject
		.gitignore = .gitignore
		README.md = README.md
	EndProjectSection
EndProject
Project("{FAE04EC0-301F-11D3-BF4B-00C04F79EFBC}") = "ConEmuLauncher", "ConEmuLauncher\ConEmuLauncher.csproj", "{8441A9A1-4C16-4306-9410-CD8AA0A3BAAF}"
EndProject
Project("{FAE04EC0-301F-11D3-BF4B-00C04F79EFBC}") = "ConsoleLauncher", "ConsoleLauncher\ConsoleLauncher.csproj", "{56F3709B-22AB-439C-9B65-490962D02E9A}"
EndProject
Project("{FAE04EC0-301F-11D3-BF4B-00C04F79EFBC}") = "TotalCommanderLauncher", "TotalCommanderLauncher\TotalCommanderLauncher.csproj", "{E0171571-B257-4F22-9854-D1866CEBC70E}"
EndProject
Global
	GlobalSection(SolutionConfigurationPlatforms) = preSolution
		Debug|Any CPU = Debug|Any CPU
		Release|Any CPU = Release|Any CPU
	EndGlobalSection
	GlobalSection(ProjectConfigurationPlatforms) = postSolution
		{8441A9A1-4C16-4306-9410-CD8AA0A3BAAF}.Debug|Any CPU.ActiveCfg = Debug|Any CPU
		{8441A9A1-4C16-4306-9410-CD8AA0A3BAAF}.Debug|Any CPU.Build.0 = Debug|Any CPU
		{8441A9A1-4C16-4306-9410-CD8AA0A3BAAF}.Release|Any CPU.ActiveCfg = Release|Any CPU
		{8441A9A1-4C16-4306-9410-CD8AA0A3BAAF}.Release|Any CPU.Build.0 = Release|Any CPU
		{56F3709B-22AB-439C-9B65-490962D02E9A}.Debug|Any CPU.ActiveCfg = Debug|Any CPU
		{56F3709B-22AB-439C-9B65-490962D02E9A}.Debug|Any CPU.Build.0 = Debug|Any CPU
		{56F3709B-22AB-439C-9B65-490962D02E9A}.Release|Any CPU.ActiveCfg = Release|Any CPU
		{56F3709B-22AB-439C-9B65-490962D02E9A}.Release|Any CPU.Build.0 = Release|Any CPU
		{E0171571-B257-4F22-9854-D1866CEBC70E}.Debug|Any CPU.ActiveCfg = Debug|Any CPU
		{E0171571-B257-4F22-9854-D1866CEBC70E}.Debug|Any CPU.Build.0 = Debug|Any CPU
		{E0171571-B257-4F22-9854-D1866CEBC70E}.Release|Any CPU.ActiveCfg = Release|Any CPU
		{E0171571-B257-4F22-9854-D1866CEBC70E}.Release|Any CPU.Build.0 = Release|Any CPU
	EndGlobalSection
	GlobalSection(SolutionProperties) = preSolution
		HideSolutionNode = FALSE
	EndGlobalSection
EndGlobal
